<?xml version="1.0" encoding="utf-8"?>
<Project ToolsVersion="4.0" xmlns="http://schemas.microsoft.com/developer/msbuild/2003">
  <ItemGroup>
    <Filter Include="Source">
      <UniqueIdentifier>{93995380-89BD-4b04-88EB-625FBE52EBFB}</UniqueIdentifier>
      <Extensions>h;hh;hpp;hxx;h++;hm;inl;inc;ipp;xsd</Extensions>
    </Filter>
    <Filter Include="Ini">
      <UniqueIdentifier>{1e4bd3e2-686e-4d6a-ab32-8c1a77bbafe5}</UniqueIdentifier>
    </Filter>
    <Filter Include="Source\RunnerCode">
      <UniqueIdentifier>{2e4b2392-2d18-459f-ae53-eb46436a8cdd}</UniqueIdentifier>
    </Filter>
  </ItemGroup>
  <ItemGroup>
    <ClCompile Include="..\Source\Configs.cpp">
      <Filter>Source</Filter>
    </ClCompile>
    <ClCompile Include="..\Source\App.cpp">
      <Filter>Source\RunnerCode</Filter>
    </ClCompile>
    <ClCompile Include="..\Source\MainWindow.cpp">
      <Filter>Source</Filter>
    </ClCompile>
    <ClCompile Include="scroll.cpp" />
  </ItemGroup>
  <ItemGroup>
    <ClInclude Include="..\Source\Configs.h">
      <Filter>Source</Filter>
    </ClInclude>
    <ClInclude Include="..\Source\Utilities.h">
      <Filter>Source</Filter>
    </ClInclude>
    <ClInclude Include="..\Source\inicpp.h">
      <Filter>Ini</Filter>
    </ClInclude>
    <ClInclude Include="..\Source\Defines.h">
      <Filter>Source</Filter>
    </ClInclude>
    <ClInclude Include="..\Source\App.h">
      <Filter>Source\RunnerCode</Filter>
    </ClInclude>
    <ClInclude Include="..\Source\MainWindow.h">
      <Filter>Source</Filter>
    </ClInclude>
    <ClInclude Include="..\Source\CoursePanel.h">
      <Filter>Source</Filter>
    </ClInclude>
  </ItemGroup>
  <ItemGroup>
    <None Include="defaults.ini">
      <Filter>Ini</Filter>
    </None>
    <None Include="packages.config" />
  </ItemGroup>
</Project>